dependencies:
- name: backend
  repository: file://./charts/backend
  version: 0.4.0
- name: admin
  repository: file://./charts/admin
  version: 0.4.0
- name: application
  repository: file://./charts/app
  version: 0.4.0
digest: sha256:583c04e746104ea563af153e41728e51150562fd6efd3a62e388308c136c97ba
generated: "2024-05-14T17:05:15.500178005+08:00"
